
Microsoft Visual Studio Solution File, Format Version 12.00
# Visual Studio 15
VisualStudioVersion = 15.0.28307.329
MinimumVisualStudioVersion = 10.0.40219.1
Project("{FAE04EC0-301F-11D3-BF4B-00C04F79EFBC}") = "GUI", "GUI\GUI.csproj", "{725C28BB-72A0-4B2B-8002-5E30565C85A7}"
EndProject
Project("{FAE04EC0-301F-11D3-BF4B-00C04F79EFBC}") = "FilterPersonalInfomation", "FilterPersonalInfomation\FilterPersonalInfomation.csproj", "{0296A737-D8FD-44A4-864A-70AB99808FE8}"
EndProject
Global
	GlobalSection(SolutionConfigurationPlatforms) = preSolution
		Debug|Any CPU = Debug|Any CPU
		Release|Any CPU = Release|Any CPU
	EndGlobalSection
	GlobalSection(ProjectConfigurationPlatforms) = postSolution
		{725C28BB-72A0-4B2B-8002-5E30565C85A7}.Debug|Any CPU.ActiveCfg = Debug|Any CPU
		{725C28BB-72A0-4B2B-8002-5E30565C85A7}.Debug|Any CPU.Build.0 = Debug|Any CPU
		{725C28BB-72A0-4B2B-8002-5E30565C85A7}.Release|Any CPU.ActiveCfg = Release|Any CPU
		{725C28BB-72A0-4B2B-8002-5E30565C85A7}.Release|Any CPU.Build.0 = Release|Any CPU
		{0296A737-D8FD-44A4-864A-70AB99808FE8}.Debug|Any CPU.ActiveCfg = Debug|Any CPU
		{0296A737-D8FD-44A4-864A-70AB99808FE8}.Debug|Any CPU.Build.0 = Debug|Any CPU
		{0296A737-D8FD-44A4-864A-70AB99808FE8}.Release|Any CPU.ActiveCfg = Release|Any CPU
		{0296A737-D8FD-44A4-864A-70AB99808FE8}.Release|Any CPU.Build.0 = Release|Any CPU
	EndGlobalSection
	GlobalSection(SolutionProperties) = preSolution
		HideSolutionNode = FALSE
	EndGlobalSection
	GlobalSection(ExtensibilityGlobals) = postSolution
		SolutionGuid = {E5D652B3-88F4-40A2-9FBD-37712BB64828}
	EndGlobalSection
EndGlobal
