
Microsoft Visual Studio Solution File, Format Version 12.00
# Visual Studio 15
VisualStudioVersion = 15.0.28307.421
MinimumVisualStudioVersion = 10.0.40219.1
Project("{FAE04EC0-301F-11D3-BF4B-00C04F79EFBC}") = "OCR", "OCR\OCR.csproj", "{D78D8ECC-6044-4390-8706-19EBDCDD0FB9}"
EndProject
Global
	GlobalSection(SolutionConfigurationPlatforms) = preSolution
		Debug|Any CPU = Debug|Any CPU
		Release|Any CPU = Release|Any CPU
	EndGlobalSection
	GlobalSection(ProjectConfigurationPlatforms) = postSolution
		{D78D8ECC-6044-4390-8706-19EBDCDD0FB9}.Debug|Any CPU.ActiveCfg = Debug|Any CPU
		{D78D8ECC-6044-4390-8706-19EBDCDD0FB9}.Debug|Any CPU.Build.0 = Debug|Any CPU
		{D78D8ECC-6044-4390-8706-19EBDCDD0FB9}.Release|Any CPU.ActiveCfg = Release|Any CPU
		{D78D8ECC-6044-4390-8706-19EBDCDD0FB9}.Release|Any CPU.Build.0 = Release|Any CPU
	EndGlobalSection
	GlobalSection(SolutionProperties) = preSolution
		HideSolutionNode = FALSE
	EndGlobalSection
	GlobalSection(ExtensibilityGlobals) = postSolution
		SolutionGuid = {5712EB0A-0C6B-4F72-95A6-8D777A464050}
	EndGlobalSection
EndGlobal
